{
  "version": 4,
  "terraform_version": "1.4.4",
  "serial": 12,
  "lineage": "fde5aac0-b8ee-5f24-1d49-f55e8bb84626",
  "outputs": {},
  "resources": [
    {
      "mode": "managed",
      "type": "aws_iam_policy",
      "name": "notebook_instance_policy",
      "provider": "provider[\"registry.terraform.io/hashicorp/aws\"]",
      "instances": [
        {
          "schema_version": 0,
          "attributes": {
            "arn": "arn:aws:iam::472925017889:policy/sagemaker-notebook-policy",
            "description": "",
            "id": "arn:aws:iam::472925017889:policy/sagemaker-notebook-policy",
            "name": "sagemaker-notebook-policy",
            "name_prefix": null,
            "path": "/",
            "policy": "{\"Statement\":[{\"Action\":\"sagemaker:*\",\"Effect\":\"Allow\",\"Resource\":\"*\"},{\"Action\":\"s3:*\",\"Effect\":\"Allow\",\"Resource\":\"*\"}],\"Version\":\"2012-10-17\"}"
          },
          "sensitive_attributes": [],
          "private": "bnVsbA=="
        }
      ]
    },
    {
      "mode": "managed",
      "type": "aws_iam_role",
      "name": "notebook_instance_role",
      "provider": "provider[\"registry.terraform.io/hashicorp/aws\"]",
      "instances": [
        {
          "schema_version": 0,
          "attributes": {
            "arn": "arn:aws:iam::472925017889:role/sagemaker-notebook-role",
            "assume_role_policy": "{\"Version\":\"2012-10-17\",\"Statement\":[{\"Effect\":\"Allow\",\"Principal\":{\"Service\":\"sagemaker.amazonaws.com\"},\"Action\":\"sts:AssumeRole\"}]}",
            "create_date": "2023-04-05T00:43:37Z",
            "description": "",
            "force_detach_policies": false,
            "id": "sagemaker-notebook-role",
            "max_session_duration": 3600,
            "name": "sagemaker-notebook-role",
            "name_prefix": null,
            "path": "/",
            "permissions_boundary": null,
            "tags": null,
            "unique_id": "AROAW4HEHC4Q3U3GSOH5C"
          },
          "sensitive_attributes": [],
          "private": "bnVsbA=="
        }
      ]
    },
    {
      "mode": "managed",
      "type": "aws_iam_role_policy_attachment",
      "name": "notebook_instance_policy_attachment",
      "provider": "provider[\"registry.terraform.io/hashicorp/aws\"]",
      "instances": [
        {
          "schema_version": 0,
          "attributes": {
            "id": "sagemaker-notebook-role-20230405004338298800000001",
            "policy_arn": "arn:aws:iam::472925017889:policy/sagemaker-notebook-policy",
            "role": "sagemaker-notebook-role"
          },
          "sensitive_attributes": [],
          "private": "bnVsbA==",
          "dependencies": [
            "aws_iam_policy.notebook_instance_policy",
            "aws_iam_role.notebook_instance_role"
          ]
        }
      ]
    },
    {
      "mode": "managed",
      "type": "aws_sagemaker_notebook_instance",
      "name": "ni",
      "provider": "provider[\"registry.terraform.io/hashicorp/aws\"]",
      "instances": [
        {
          "schema_version": 0,
          "attributes": {
            "arn": "arn:aws:sagemaker:us-east-1:472925017889:notebook-instance/my-notebook-instance",
            "direct_internet_access": "Enabled",
            "id": "my-notebook-instance",
            "instance_type": "ml.t3.medium",
            "kms_key_id": "",
            "lifecycle_config_name": "",
            "name": "my-notebook-instance",
            "role_arn": "arn:aws:iam::472925017889:role/sagemaker-notebook-role",
            "security_groups": [],
            "subnet_id": "",
            "tags": null
          },
          "sensitive_attributes": [],
          "private": "bnVsbA==",
          "dependencies": [
            "aws_iam_role.notebook_instance_role"
          ]
        }
      ]
    }
  ],
  "check_results": null
}
